
Microsoft Visual Studio Solution File, Format Version 12.00
# Visual Studio Version 16
VisualStudioVersion = 16.0.31729.503
MinimumVisualStudioVersion = 10.0.40219.1
Project("{FAE04EC0-301F-11D3-BF4B-00C04F79EFBC}") = "MobileAPI", "MobileAPI\MobileAPI.csproj", "{D96AD91D-47B8-4000-8FD1-5AC5410E72BF}"
EndProject
Global
	GlobalSection(SolutionConfigurationPlatforms) = preSolution
		Debug|Any CPU = Debug|Any CPU
		Release|Any CPU = Release|Any CPU
	EndGlobalSection
	GlobalSection(ProjectConfigurationPlatforms) = postSolution
		{D96AD91D-47B8-4000-8FD1-5AC5410E72BF}.Debug|Any CPU.ActiveCfg = Debug|Any CPU
		{D96AD91D-47B8-4000-8FD1-5AC5410E72BF}.Debug|Any CPU.Build.0 = Debug|Any CPU
		{D96AD91D-47B8-4000-8FD1-5AC5410E72BF}.Release|Any CPU.ActiveCfg = Release|Any CPU
		{D96AD91D-47B8-4000-8FD1-5AC5410E72BF}.Release|Any CPU.Build.0 = Release|Any CPU
	EndGlobalSection
	GlobalSection(SolutionProperties) = preSolution
		HideSolutionNode = FALSE
	EndGlobalSection
	GlobalSection(ExtensibilityGlobals) = postSolution
		SolutionGuid = {0D586572-2C19-4A41-A609-E37EDE906254}
	EndGlobalSection
EndGlobal
